<?xml version="1.0" encoding="utf-8"?>
<Project ToolsVersion="4.0" xmlns="http://schemas.microsoft.com/developer/msbuild/2003">
  <ItemGroup>
    <Filter Include="API">
      <UniqueIdentifier>{c1dd63f5-a8a5-4f13-b31f-ed73c09aa5c6}</UniqueIdentifier>
    </Filter>
    <Filter Include="Source">
      <UniqueIdentifier>{94804193-3947-43cc-b83b-ff99ce30a03b}</UniqueIdentifier>
    </Filter>
    <Filter Include="API\Topologies">
      <UniqueIdentifier>{18ec8a6c-9caf-403b-b05a-f35720f495a3}</UniqueIdentifier>
    </Filter>
  </ItemGroup>
  <ItemGroup>
    <ClInclude Include="MeshProc\Mesh.h">
      <Filter>API</Filter>
    </ClInclude>
    <ClInclude Include="MeshProc\HalfEdge.h">
      <Filter>API\Topologies</Filter>
    </ClInclude>
    <ClInclude Include="MeshProc\TriEdge.h">
      <Filter>API\Topologies</Filter>
    </ClInclude>
  </ItemGroup>
  <ItemGroup>
    <ClCompile Include="Mesh.cpp">
      <Filter>Source</Filter>
    </ClCompile>
    <ClCompile Include="HalfEdge.cpp">
      <Filter>Source</Filter>
    </ClCompile>
    <ClCompile Include="TriEdge.cpp">
      <Filter>Source</Filter>
    </ClCompile>
  </ItemGroup>
</Project>